
Microsoft Visual Studio Solution File, Format Version 12.00
# Visual Studio 15
VisualStudioVersion = 15.0.27130.2003
MinimumVisualStudioVersion = 10.0.40219.1
Project("{FAE04EC0-301F-11D3-BF4B-00C04F79EFBC}") = "MVCOrder", "MVCOrder\MVCOrder.csproj", "{4C905836-3777-4768-AAEE-981698E44F0F}"
EndProject
Project("{FAE04EC0-301F-11D3-BF4B-00C04F79EFBC}") = "MVCOrder.Tests", "MVCOrder.Tests\MVCOrder.Tests.csproj", "{7DE60BCB-9645-4B65-82D8-3700183FDB78}"
EndProject
Global
	GlobalSection(SolutionConfigurationPlatforms) = preSolution
		Debug|Any CPU = Debug|Any CPU
		Release|Any CPU = Release|Any CPU
	EndGlobalSection
	GlobalSection(ProjectConfigurationPlatforms) = postSolution
		{4C905836-3777-4768-AAEE-981698E44F0F}.Debug|Any CPU.ActiveCfg = Debug|Any CPU
		{4C905836-3777-4768-AAEE-981698E44F0F}.Debug|Any CPU.Build.0 = Debug|Any CPU
		{4C905836-3777-4768-AAEE-981698E44F0F}.Release|Any CPU.ActiveCfg = Release|Any CPU
		{4C905836-3777-4768-AAEE-981698E44F0F}.Release|Any CPU.Build.0 = Release|Any CPU
		{7DE60BCB-9645-4B65-82D8-3700183FDB78}.Debug|Any CPU.ActiveCfg = Debug|Any CPU
		{7DE60BCB-9645-4B65-82D8-3700183FDB78}.Debug|Any CPU.Build.0 = Debug|Any CPU
		{7DE60BCB-9645-4B65-82D8-3700183FDB78}.Release|Any CPU.ActiveCfg = Release|Any CPU
		{7DE60BCB-9645-4B65-82D8-3700183FDB78}.Release|Any CPU.Build.0 = Release|Any CPU
	EndGlobalSection
	GlobalSection(SolutionProperties) = preSolution
		HideSolutionNode = FALSE
	EndGlobalSection
	GlobalSection(ExtensibilityGlobals) = postSolution
		SolutionGuid = {792D4B42-445F-4EA7-8008-BCFFAE13E7FC}
	EndGlobalSection
EndGlobal
